
Microsoft Visual Studio Solution File, Format Version 11.00
# Visual C++ Express 2010
Project("{8BC9CEB8-8B4A-11D0-8D11-00A0C91BC942}") = "pr4", "pr4.vcxproj", "{513798FE-FF05-43BF-BBBC-0D24907B43AD}"
EndProject
Global
	GlobalSection(SolutionConfigurationPlatforms) = preSolution
		Debug|Win32 = Debug|Win32
		Release|Win32 = Release|Win32
	EndGlobalSection
	GlobalSection(ProjectConfigurationPlatforms) = postSolution
		{513798FE-FF05-43BF-BBBC-0D24907B43AD}.Debug|Win32.ActiveCfg = Debug|Win32
		{513798FE-FF05-43BF-BBBC-0D24907B43AD}.Debug|Win32.Build.0 = Debug|Win32
		{513798FE-FF05-43BF-BBBC-0D24907B43AD}.Release|Win32.ActiveCfg = Release|Win32
		{513798FE-FF05-43BF-BBBC-0D24907B43AD}.Release|Win32.Build.0 = Release|Win32
	EndGlobalSection
	GlobalSection(SolutionProperties) = preSolution
		HideSolutionNode = FALSE
	EndGlobalSection
EndGlobal
